// !$*UTF8*$!
{
	archiveVersion = 1;
	classes = {
	};
	objectVersion = 50;
	objects = {

/* Begin PBXBuildFile section */
		6FA0C8F220932355006EF2BB /* AppDelegate.swift in Sources */ = {isa = PBXBuildFile; fileRef = 6FA0C8F120932355006EF2BB /* AppDelegate.swift */; };
		6FA0C8F420932355006EF2BB /* WelcomeVC.swift in Sources */ = {isa = PBXBuildFile; fileRef = 6FA0C8F320932355006EF2BB /* WelcomeVC.swift */; };
		6FA0C8F720932355006EF2BB /* Main.storyboard in Resources */ = {isa = PBXBuildFile; fileRef = 6FA0C8F520932355006EF2BB /* Main.storyboard */; };
		6FA0C8F92093235A006EF2BB /* Assets.xcassets in Resources */ = {isa = PBXBuildFile; fileRef = 6FA0C8F82093235A006EF2BB /* Assets.xcassets */; };
		6FA0C8FC2093235A006EF2BB /* LaunchScreen.storyboard in Resources */ = {isa = PBXBuildFile; fileRef = 6FA0C8FA2093235A006EF2BB /* LaunchScreen.storyboard */; };
		6FA0C90520933404006EF2BB /* BorderButton.swift in Sources */ = {isa = PBXBuildFile; fileRef = 6FA0C90420933404006EF2BB /* BorderButton.swift */; };
		6FA0C90920936C5C006EF2BB /* LeagueVC.swift in Sources */ = {isa = PBXBuildFile; fileRef = 6FA0C90820936C5C006EF2BB /* LeagueVC.swift */; };
		6FA0C90B20936C8F006EF2BB /* SkillVC.swift in Sources */ = {isa = PBXBuildFile; fileRef = 6FA0C90A20936C8F006EF2BB /* SkillVC.swift */; };
		6FA0C90D20937939006EF2BB /* Player.swift in Sources */ = {isa = PBXBuildFile; fileRef = 6FA0C90C20937939006EF2BB /* Player.swift */; };
/* End PBXBuildFile section */

/* Begin PBXFileReference section */
		6FA0C8EE20932355006EF2BB /* app-swoosh.app */ = {isa = PBXFileReference; explicitFileType = wrapper.application; includeInIndex = 0; path = "app-swoosh.app"; sourceTree = BUILT_PRODUCTS_DIR; };
		6FA0C8F120932355006EF2BB /* AppDelegate.swift */ = {isa = PBXFileReference; lastKnownFileType = sourcecode.swift; path = AppDelegate.swift; sourceTree = "<group>"; };
		6FA0C8F320932355006EF2BB /* WelcomeVC.swift */ = {isa = PBXFileReference; lastKnownFileType = sourcecode.swift; path = WelcomeVC.swift; sourceTree = "<group>"; };
		6FA0C8F620932355006EF2BB /* Base */ = {isa = PBXFileReference; lastKnownFileType = file.storyboard; name = Base; path = Base.lproj/Main.storyboard; sourceTree = "<group>"; };
		6FA0C8F82093235A006EF2BB /* Assets.xcassets */ = {isa = PBXFileReference; lastKnownFileType = folder.assetcatalog; path = Assets.xcassets; sourceTree = "<group>"; };
		6FA0C8FB2093235A006EF2BB /* Base */ = {isa = PBXFileReference; lastKnownFileType = file.storyboard; name = Base; path = Base.lproj/LaunchScreen.storyboard; sourceTree = "<group>"; };
		6FA0C8FD2093235A006EF2BB /* Info.plist */ = {isa = PBXFileReference; lastKnownFileType = text.plist.xml; path = Info.plist; sourceTree = "<group>"; };
		6FA0C90420933404006EF2BB /* BorderButton.swift */ = {isa = PBXFileReference; lastKnownFileType = sourcecode.swift; path = BorderButton.swift; sourceTree = "<group>"; };
		6FA0C90820936C5C006EF2BB /* LeagueVC.swift */ = {isa = PBXFileReference; lastKnownFileType = sourcecode.swift; path = LeagueVC.swift; sourceTree = "<group>"; };
		6FA0C90A20936C8F006EF2BB /* SkillVC.swift */ = {isa = PBXFileReference; lastKnownFileType = sourcecode.swift; path = SkillVC.swift; sourceTree = "<group>"; };
		6FA0C90C20937939006EF2BB /* Player.swift */ = {isa = PBXFileReference; lastKnownFileType = sourcecode.swift; path = Player.swift; sourceTree = "<group>"; };
/* End PBXFileReference section */

/* Begin PBXFrameworksBuildPhase section */
		6FA0C8EB20932354006EF2BB /* Frameworks */ = {
			isa = PBXFrameworksBuildPhase;
			buildActionMask = 2147483647;
			files = (
			);
			runOnlyForDeploymentPostprocessing = 0;
		};
/* End PBXFrameworksBuildPhase section */

/* Begin PBXGroup section */
		6FA0C8E520932354006EF2BB = {
			isa = PBXGroup;
			children = (
				6FA0C8F020932355006EF2BB /* app-swoosh */,
				6FA0C8EF20932355006EF2BB /* Products */,
			);
			sourceTree = "<group>";
		};
		6FA0C8EF20932355006EF2BB /* Products */ = {
			isa = PBXGroup;
			children = (
				6FA0C8EE20932355006EF2BB /* app-swoosh.app */,
			);
			name = Products;
			sourceTree = "<group>";
		};
		6FA0C8F020932355006EF2BB /* app-swoosh */ = {
			isa = PBXGroup;
			children = (
				6FA0C90620936B41006EF2BB /* Model */,
				6FA0C90720936B4F006EF2BB /* Controller */,
				6FA0C9032093331D006EF2BB /* View */,
				6FA0C8F120932355006EF2BB /* AppDelegate.swift */,
				6FA0C8F520932355006EF2BB /* Main.storyboard */,
				6FA0C8F82093235A006EF2BB /* Assets.xcassets */,
				6FA0C8FA2093235A006EF2BB /* LaunchScreen.storyboard */,
				6FA0C8FD2093235A006EF2BB /* Info.plist */,
			);
			path = "app-swoosh";
			sourceTree = "<group>";
		};
		6FA0C9032093331D006EF2BB /* View */ = {
			isa = PBXGroup;
			children = (
				6FA0C90420933404006EF2BB /* BorderButton.swift */,
			);
			path = View;
			sourceTree = "<group>";
		};
		6FA0C90620936B41006EF2BB /* Model */ = {
			isa = PBXGroup;
			children = (
				6FA0C90C20937939006EF2BB /* Player.swift */,
			);
			path = Model;
			sourceTree = "<group>";
		};
		6FA0C90720936B4F006EF2BB /* Controller */ = {
			isa = PBXGroup;
			children = (
				6FA0C8F320932355006EF2BB /* WelcomeVC.swift */,
				6FA0C90820936C5C006EF2BB /* LeagueVC.swift */,
				6FA0C90A20936C8F006EF2BB /* SkillVC.swift */,
			);
			path = Controller;
			sourceTree = "<group>";
		};
/* End PBXGroup section */

/* Begin PBXNativeTarget section */
		6FA0C8ED20932355006EF2BB /* app-swoosh */ = {
			isa = PBXNativeTarget;
			buildConfigurationList = 6FA0C9002093235A006EF2BB /* Build configuration list for PBXNativeTarget "app-swoosh" */;
			buildPhases = (
				6FA0C8EA20932354006EF2BB /* Sources */,
				6FA0C8EB20932354006EF2BB /* Frameworks */,
				6FA0C8EC20932355006EF2BB /* Resources */,
			);
			buildRules = (
			);
			dependencies = (
			);
			name = "app-swoosh";
			productName = "app-swoosh";
			productReference = 6FA0C8EE20932355006EF2BB /* app-swoosh.app */;
			productType = "com.apple.product-type.application";
		};
/* End PBXNativeTarget section */

/* Begin PBXProject section */
		6FA0C8E620932354006EF2BB /* Project object */ = {
			isa = PBXProject;
			attributes = {
				LastSwiftUpdateCheck = 0930;
				LastUpgradeCheck = 0930;
				ORGANIZATIONNAME = "Frohlich Studio";
				TargetAttributes = {
					6FA0C8ED20932355006EF2BB = {
						CreatedOnToolsVersion = 9.3;
					};
				};
			};
			buildConfigurationList = 6FA0C8E920932354006EF2BB /* Build configuration list for PBXProject "app-swoosh" */;
			compatibilityVersion = "Xcode 9.3";
			developmentRegion = en;
			hasScannedForEncodings = 0;
			knownRegions = (
				en,
				Base,
			);
			mainGroup = 6FA0C8E520932354006EF2BB;
			productRefGroup = 6FA0C8EF20932355006EF2BB /* Products */;
			projectDirPath = "";
			projectRoot = "";
			targets = (
				6FA0C8ED20932355006EF2BB /* app-swoosh */,
			);
		};
/* End PBXProject section */

/* Begin PBXResourcesBuildPhase section */
		6FA0C8EC20932355006EF2BB /* Resources */ = {
			isa = PBXResourcesBuildPhase;
			buildActionMask = 2147483647;
			files = (
				6FA0C8FC2093235A006EF2BB /* LaunchScreen.storyboard in Resources */,
				6FA0C8F92093235A006EF2BB /* Assets.xcassets in Resources */,
				6FA0C8F720932355006EF2BB /* Main.storyboard in Resources */,
			);
			runOnlyForDeploymentPostprocessing = 0;
		};
/* End PBXResourcesBuildPhase section */

/* Begin PBXSourcesBuildPhase section */
		6FA0C8EA20932354006EF2BB /* Sources */ = {
			isa = PBXSourcesBuildPhase;
			buildActionMask = 2147483647;
			files = (
				6FA0C8F420932355006EF2BB /* WelcomeVC.swift in Sources */,
				6FA0C90920936C5C006EF2BB /* LeagueVC.swift in Sources */,
				6FA0C8F220932355006EF2BB /* AppDelegate.swift in Sources */,
				6FA0C90B20936C8F006EF2BB /* SkillVC.swift in Sources */,
				6FA0C90D20937939006EF2BB /* Player.swift in Sources */,
				6FA0C90520933404006EF2BB /* BorderButton.swift in Sources */,
			);
			runOnlyForDeploymentPostprocessing = 0;
		};
/* End PBXSourcesBuildPhase section */

/* Begin PBXVariantGroup section */
		6FA0C8F520932355006EF2BB /* Main.storyboard */ = {
			isa = PBXVariantGroup;
			children = (
				6FA0C8F620932355006EF2BB /* Base */,
			);
			name = Main.storyboard;
			sourceTree = "<group>";
		};
		6FA0C8FA2093235A006EF2BB /* LaunchScreen.storyboard */ = {
			isa = PBXVariantGroup;
			children = (
				6FA0C8FB2093235A006EF2BB /* Base */,
			);
			name = LaunchScreen.storyboard;
			sourceTree = "<group>";
		};
/* End PBXVariantGroup section */

/* Begin XCBuildConfiguration section */
		6FA0C8FE2093235A006EF2BB /* Debug */ = {
			isa = XCBuildConfiguration;
			buildSettings = {
				ALWAYS_SEARCH_USER_PATHS = NO;
				CLANG_ANALYZER_NONNULL = YES;
				CLANG_ANALYZER_NUMBER_OBJECT_CONVERSION = YES_AGGRESSIVE;
				CLANG_CXX_LANGUAGE_STANDARD = "gnu++14";
				CLANG_CXX_LIBRARY = "libc++";
				CLANG_ENABLE_MODULES = YES;
				CLANG_ENABLE_OBJC_ARC = YES;
				CLANG_ENABLE_OBJC_WEAK = YES;
				CLANG_WARN_BLOCK_CAPTURE_AUTORELEASING = YES;
				CLANG_WARN_BOOL_CONVERSION = YES;
				CLANG_WARN_COMMA = YES;
				CLANG_WARN_CONSTANT_CONVERSION = YES;
				CLANG_WARN_DEPRECATED_OBJC_IMPLEMENTATIONS = YES;
				CLANG_WARN_DIRECT_OBJC_ISA_USAGE = YES_ERROR;
				CLANG_WARN_DOCUMENTATION_COMMENTS = YES;
				CLANG_WARN_EMPTY_BODY = YES;
				CLANG_WARN_ENUM_CONVERSION = YES;
				CLANG_WARN_INFINITE_RECURSION = YES;
				CLANG_WARN_INT_CONVERSION = YES;
				CLANG_WARN_NON_LITERAL_NULL_CONVERSION = YES;
				CLANG_WARN_OBJC_IMPLICIT_RETAIN_SELF = YES;
				CLANG_WARN_OBJC_LITERAL_CONVERSION = YES;
				CLANG_WARN_OBJC_ROOT_CLASS = YES_ERROR;
				CLANG_WARN_RANGE_LOOP_ANALYSIS = YES;
				CLANG_WARN_STRICT_PROTOTYPES = YES;
				CLANG_WARN_SUSPICIOUS_MOVE = YES;
				CLANG_WARN_UNGUARDED_AVAILABILITY = YES_AGGRESSIVE;
				CLANG_WARN_UNREACHABLE_CODE = YES;
				CLANG_WARN__DUPLICATE_METHOD_MATCH = YES;
				CODE_SIGN_IDENTITY = "iPhone Developer";
				COPY_PHASE_STRIP = NO;
				DEBUG_INFORMATION_FORMAT = dwarf;
				ENABLE_STRICT_OBJC_MSGSEND = YES;
				ENABLE_TESTABILITY = YES;
				GCC_C_LANGUAGE_STANDARD = gnu11;
				GCC_DYNAMIC_NO_PIC = NO;
				GCC_NO_COMMON_BLOCKS = YES;
				GCC_OPTIMIZATION_LEVEL = 0;
				GCC_PREPROCESSOR_DEFINITIONS = (
					"DEBUG=1",
					"$(inherited)",
				);
				GCC_WARN_64_TO_32_BIT_CONVERSION = YES;
				GCC_WARN_ABOUT_RETURN_TYPE = YES_ERROR;
				GCC_WARN_UNDECLARED_SELECTOR = YES;
				GCC_WARN_UNINITIALIZED_AUTOS = YES_AGGRESSIVE;
				GCC_WARN_UNUSED_FUNCTION = YES;
				GCC_WARN_UNUSED_VARIABLE = YES;
				IPHONEOS_DEPLOYMENT_TARGET = 11.3;
				MTL_ENABLE_DEBUG_INFO = YES;
				ONLY_ACTIVE_ARCH = YES;
				SDKROOT = iphoneos;
				SWIFT_ACTIVE_COMPILATION_CONDITIONS = DEBUG;
				SWIFT_OPTIMIZATION_LEVEL = "-Onone";
			};
			name = Debug;
		};
		6FA0C8FF2093235A006EF2BB /* Release */ = {
			isa = XCBuildConfiguration;
			buildSettings = {
				ALWAYS_SEARCH_USER_PATHS = NO;
				CLANG_ANALYZER_NONNULL = YES;
				CLANG_ANALYZER_NUMBER_OBJECT_CONVERSION = YES_AGGRESSIVE;
				CLANG_CXX_LANGUAGE_STANDARD = "gnu++14";
				CLANG_CXX_LIBRARY = "libc++";
				CLANG_ENABLE_MODULES = YES;
				CLANG_ENABLE_OBJC_ARC = YES;
				CLANG_ENABLE_OBJC_WEAK = YES;
				CLANG_WARN_BLOCK_CAPTURE_AUTORELEASING = YES;
				CLANG_WARN_BOOL_CONVERSION = YES;
				CLANG_WARN_COMMA = YES;
				CLANG_WARN_CONSTANT_CONVERSION = YES;
				CLANG_WARN_DEPRECATED_OBJC_IMPLEMENTATIONS = YES;
				CLANG_WARN_DIRECT_OBJC_ISA_USAGE = YES_ERROR;
				CLANG_WARN_DOCUMENTATION_COMMENTS = YES;
				CLANG_WARN_EMPTY_BODY = YES;
				CLANG_WARN_ENUM_CONVERSION = YES;
				CLANG_WARN_INFINITE_RECURSION = YES;
				CLANG_WARN_INT_CONVERSION = YES;
				CLANG_WARN_NON_LITERAL_NULL_CONVERSION = YES;
				CLANG_WARN_OBJC_IMPLICIT_RETAIN_SELF = YES;
				CLANG_WARN_OBJC_LITERAL_CONVERSION = YES;
				CLANG_WARN_OBJC_ROOT_CLASS = YES_ERROR;
				CLANG_WARN_RANGE_LOOP_ANALYSIS = YES;
				CLANG_WARN_STRICT_PROTOTYPES = YES;
				CLANG_WARN_SUSPICIOUS_MOVE = YES;
				CLANG_WARN_UNGUARDED_AVAILABILITY = YES_AGGRESSIVE;
				CLANG_WARN_UNREACHABLE_CODE = YES;
				CLANG_WARN__DUPLICATE_METHOD_MATCH = YES;
				CODE_SIGN_IDENTITY = "iPhone Developer";
				COPY_PHASE_STRIP = NO;
				DEBUG_INFORMATION_FORMAT = "dwarf-with-dsym";
				ENABLE_NS_ASSERTIONS = NO;
				ENABLE_STRICT_OBJC_MSGSEND = YES;
				GCC_C_LANGUAGE_STANDARD = gnu11;
				GCC_NO_COMMON_BLOCKS = YES;
				GCC_WARN_64_TO_32_BIT_CONVERSION = YES;
				GCC_WARN_ABOUT_RETURN_TYPE = YES_ERROR;
				GCC_WARN_UNDECLARED_SELECTOR = YES;
				GCC_WARN_UNINITIALIZED_AUTOS = YES_AGGRESSIVE;
				GCC_WARN_UNUSED_FUNCTION = YES;
				GCC_WARN_UNUSED_VARIABLE = YES;
				IPHONEOS_DEPLOYMENT_TARGET = 11.3;
				MTL_ENABLE_DEBUG_INFO = NO;
				SDKROOT = iphoneos;
				SWIFT_COMPILATION_MODE = wholemodule;
				SWIFT_OPTIMIZATION_LEVEL = "-O";
				VALIDATE_PRODUCT = YES;
			};
			name = Release;
		};
		6FA0C9012093235A006EF2BB /* Debug */ = {
			isa = XCBuildConfiguration;
			buildSettings = {
				ASSETCATALOG_COMPILER_APPICON_NAME = AppIcon;
				CODE_SIGN_STYLE = Automatic;
				DEVELOPMENT_TEAM = 8G5XPDM6VJ;
				INFOPLIST_FILE = "app-swoosh/Info.plist";
				LD_RUNPATH_SEARCH_PATHS = (
					"$(inherited)",
					"@executable_path/Frameworks",
				);
				PRODUCT_BUNDLE_IDENTIFIER = "studio.frohlich.app-swoosh";
				PRODUCT_NAME = "$(TARGET_NAME)";
				SWIFT_VERSION = 4.0;
				TARGETED_DEVICE_FAMILY = "1,2";
			};
			name = Debug;
		};
		6FA0C9022093235A006EF2BB /* Release */ = {
			isa = XCBuildConfiguration;
			buildSettings = {
				ASSETCATALOG_COMPILER_APPICON_NAME = AppIcon;
				CODE_SIGN_STYLE = Automatic;
				DEVELOPMENT_TEAM = 8G5XPDM6VJ;
				INFOPLIST_FILE = "app-swoosh/Info.plist";
				LD_RUNPATH_SEARCH_PATHS = (
					"$(inherited)",
					"@executable_path/Frameworks",
				);
				PRODUCT_BUNDLE_IDENTIFIER = "studio.frohlich.app-swoosh";
				PRODUCT_NAME = "$(TARGET_NAME)";
				SWIFT_VERSION = 4.0;
				TARGETED_DEVICE_FAMILY = "1,2";
			};
			name = Release;
		};
/* End XCBuildConfiguration section */

/* Begin XCConfigurationList section */
		6FA0C8E920932354006EF2BB /* Build configuration list for PBXProject "app-swoosh" */ = {
			isa = XCConfigurationList;
			buildConfigurations = (
				6FA0C8FE2093235A006EF2BB /* Debug */,
				6FA0C8FF2093235A006EF2BB /* Release */,
			);
			defaultConfigurationIsVisible = 0;
			defaultConfigurationName = Release;
		};
		6FA0C9002093235A006EF2BB /* Build configuration list for PBXNativeTarget "app-swoosh" */ = {
			isa = XCConfigurationList;
			buildConfigurations = (
				6FA0C9012093235A006EF2BB /* Debug */,
				6FA0C9022093235A006EF2BB /* Release */,
			);
			defaultConfigurationIsVisible = 0;
			defaultConfigurationName = Release;
		};
/* End XCConfigurationList section */
	};
	rootObject = 6FA0C8E620932354006EF2BB /* Project object */;
}
